
Microsoft Visual Studio Solution File, Format Version 12.00
# Visual Studio Version 17
VisualStudioVersion = 17.0.31903.59
MinimumVisualStudioVersion = 10.0.40219.1
Project("{FAE04EC0-301F-11D3-BF4B-00C04F79EFBC}") = "Elements.MultiTenancy.Abstractions", "Elements.MultiTenancy.Abstractions\Elements.MultiTenancy.Abstractions.csproj", "{D2EC8DAD-FF25-4A1A-BC47-CD3635B98AA0}"
EndProject
Project("{FAE04EC0-301F-11D3-BF4B-00C04F79EFBC}") = "Elements.MultiTenancy.Abstractions.Tests.Unit", "Elements.MultiTenancy.Abstractions.Tests.Unit\Elements.MultiTenancy.Abstractions.Tests.Unit.csproj", "{FF60767E-3968-4752-B5AE-F89DFB663779}"
EndProject
Project("{FAE04EC0-301F-11D3-BF4B-00C04F79EFBC}") = "Elements.MultiTenancy.Extensions.AspNet", "Elements.MultiTenancy.Extensions.AspNet\Elements.MultiTenancy.Extensions.AspNet.csproj", "{AFCFBA73-8C61-4C40-B64C-11FEEEB6ED03}"
EndProject
Project("{FAE04EC0-301F-11D3-BF4B-00C04F79EFBC}") = "Elements.MultiTenancy.Extensions.AspNet.Tests.Unit", "Elements.MultiTenancy.Extensions.AspNet.Tests.Unit\Elements.MultiTenancy.Extensions.AspNet.Tests.Unit.csproj", "{A7989B30-24A7-418E-8D73-CF15B6757F00}"
EndProject
Project("{FAE04EC0-301F-11D3-BF4B-00C04F79EFBC}") = "Elements.MultiTenancy.Extensions.DependencyInjection", "Elements.MultiTenancy.Extensions.DependencyInjection\Elements.MultiTenancy.Extensions.DependencyInjection.csproj", "{7C979904-D18F-4508-BA6D-5D78E1FF3AF4}"
EndProject
Project("{FAE04EC0-301F-11D3-BF4B-00C04F79EFBC}") = "Elements.MultiTenancy.Extensions.DependencyInjection.Tests.Unit", "Elements.MultiTenancy.Extensions.DependencyInjection.Tests.Unit\Elements.MultiTenancy.Extensions.DependencyInjection.Tests.Unit.csproj", "{39105639-851B-4490-A3FB-FD14EAFBFC1B}"
EndProject
Global
	GlobalSection(SolutionConfigurationPlatforms) = preSolution
		Debug|Any CPU = Debug|Any CPU
		Debug|x64 = Debug|x64
		Debug|x86 = Debug|x86
		Release|Any CPU = Release|Any CPU
		Release|x64 = Release|x64
		Release|x86 = Release|x86
	EndGlobalSection
	GlobalSection(ProjectConfigurationPlatforms) = postSolution
		{D2EC8DAD-FF25-4A1A-BC47-CD3635B98AA0}.Debug|Any CPU.ActiveCfg = Debug|Any CPU
		{D2EC8DAD-FF25-4A1A-BC47-CD3635B98AA0}.Debug|Any CPU.Build.0 = Debug|Any CPU
		{D2EC8DAD-FF25-4A1A-BC47-CD3635B98AA0}.Debug|x64.ActiveCfg = Debug|Any CPU
		{D2EC8DAD-FF25-4A1A-BC47-CD3635B98AA0}.Debug|x64.Build.0 = Debug|Any CPU
		{D2EC8DAD-FF25-4A1A-BC47-CD3635B98AA0}.Debug|x86.ActiveCfg = Debug|Any CPU
		{D2EC8DAD-FF25-4A1A-BC47-CD3635B98AA0}.Debug|x86.Build.0 = Debug|Any CPU
		{D2EC8DAD-FF25-4A1A-BC47-CD3635B98AA0}.Release|Any CPU.ActiveCfg = Release|Any CPU
		{D2EC8DAD-FF25-4A1A-BC47-CD3635B98AA0}.Release|Any CPU.Build.0 = Release|Any CPU
		{D2EC8DAD-FF25-4A1A-BC47-CD3635B98AA0}.Release|x64.ActiveCfg = Release|Any CPU
		{D2EC8DAD-FF25-4A1A-BC47-CD3635B98AA0}.Release|x64.Build.0 = Release|Any CPU
		{D2EC8DAD-FF25-4A1A-BC47-CD3635B98AA0}.Release|x86.ActiveCfg = Release|Any CPU
		{D2EC8DAD-FF25-4A1A-BC47-CD3635B98AA0}.Release|x86.Build.0 = Release|Any CPU
		{FF60767E-3968-4752-B5AE-F89DFB663779}.Debug|Any CPU.ActiveCfg = Debug|Any CPU
		{FF60767E-3968-4752-B5AE-F89DFB663779}.Debug|Any CPU.Build.0 = Debug|Any CPU
		{FF60767E-3968-4752-B5AE-F89DFB663779}.Debug|x64.ActiveCfg = Debug|Any CPU
		{FF60767E-3968-4752-B5AE-F89DFB663779}.Debug|x64.Build.0 = Debug|Any CPU
		{FF60767E-3968-4752-B5AE-F89DFB663779}.Debug|x86.ActiveCfg = Debug|Any CPU
		{FF60767E-3968-4752-B5AE-F89DFB663779}.Debug|x86.Build.0 = Debug|Any CPU
		{FF60767E-3968-4752-B5AE-F89DFB663779}.Release|Any CPU.ActiveCfg = Release|Any CPU
		{FF60767E-3968-4752-B5AE-F89DFB663779}.Release|Any CPU.Build.0 = Release|Any CPU
		{FF60767E-3968-4752-B5AE-F89DFB663779}.Release|x64.ActiveCfg = Release|Any CPU
		{FF60767E-3968-4752-B5AE-F89DFB663779}.Release|x64.Build.0 = Release|Any CPU
		{FF60767E-3968-4752-B5AE-F89DFB663779}.Release|x86.ActiveCfg = Release|Any CPU
		{FF60767E-3968-4752-B5AE-F89DFB663779}.Release|x86.Build.0 = Release|Any CPU
		{AFCFBA73-8C61-4C40-B64C-11FEEEB6ED03}.Debug|Any CPU.ActiveCfg = Debug|Any CPU
		{AFCFBA73-8C61-4C40-B64C-11FEEEB6ED03}.Debug|Any CPU.Build.0 = Debug|Any CPU
		{AFCFBA73-8C61-4C40-B64C-11FEEEB6ED03}.Debug|x64.ActiveCfg = Debug|Any CPU
		{AFCFBA73-8C61-4C40-B64C-11FEEEB6ED03}.Debug|x64.Build.0 = Debug|Any CPU
		{AFCFBA73-8C61-4C40-B64C-11FEEEB6ED03}.Debug|x86.ActiveCfg = Debug|Any CPU
		{AFCFBA73-8C61-4C40-B64C-11FEEEB6ED03}.Debug|x86.Build.0 = Debug|Any CPU
		{AFCFBA73-8C61-4C40-B64C-11FEEEB6ED03}.Release|Any CPU.ActiveCfg = Release|Any CPU
		{AFCFBA73-8C61-4C40-B64C-11FEEEB6ED03}.Release|Any CPU.Build.0 = Release|Any CPU
		{AFCFBA73-8C61-4C40-B64C-11FEEEB6ED03}.Release|x64.ActiveCfg = Release|Any CPU
		{AFCFBA73-8C61-4C40-B64C-11FEEEB6ED03}.Release|x64.Build.0 = Release|Any CPU
		{AFCFBA73-8C61-4C40-B64C-11FEEEB6ED03}.Release|x86.ActiveCfg = Release|Any CPU
		{AFCFBA73-8C61-4C40-B64C-11FEEEB6ED03}.Release|x86.Build.0 = Release|Any CPU
		{A7989B30-24A7-418E-8D73-CF15B6757F00}.Debug|Any CPU.ActiveCfg = Debug|Any CPU
		{A7989B30-24A7-418E-8D73-CF15B6757F00}.Debug|Any CPU.Build.0 = Debug|Any CPU
		{A7989B30-24A7-418E-8D73-CF15B6757F00}.Debug|x64.ActiveCfg = Debug|Any CPU
		{A7989B30-24A7-418E-8D73-CF15B6757F00}.Debug|x64.Build.0 = Debug|Any CPU
		{A7989B30-24A7-418E-8D73-CF15B6757F00}.Debug|x86.ActiveCfg = Debug|Any CPU
		{A7989B30-24A7-418E-8D73-CF15B6757F00}.Debug|x86.Build.0 = Debug|Any CPU
		{A7989B30-24A7-418E-8D73-CF15B6757F00}.Release|Any CPU.ActiveCfg = Release|Any CPU
		{A7989B30-24A7-418E-8D73-CF15B6757F00}.Release|Any CPU.Build.0 = Release|Any CPU
		{A7989B30-24A7-418E-8D73-CF15B6757F00}.Release|x64.ActiveCfg = Release|Any CPU
		{A7989B30-24A7-418E-8D73-CF15B6757F00}.Release|x64.Build.0 = Release|Any CPU
		{A7989B30-24A7-418E-8D73-CF15B6757F00}.Release|x86.ActiveCfg = Release|Any CPU
		{A7989B30-24A7-418E-8D73-CF15B6757F00}.Release|x86.Build.0 = Release|Any CPU
		{7C979904-D18F-4508-BA6D-5D78E1FF3AF4}.Debug|Any CPU.ActiveCfg = Debug|Any CPU
		{7C979904-D18F-4508-BA6D-5D78E1FF3AF4}.Debug|Any CPU.Build.0 = Debug|Any CPU
		{7C979904-D18F-4508-BA6D-5D78E1FF3AF4}.Debug|x64.ActiveCfg = Debug|Any CPU
		{7C979904-D18F-4508-BA6D-5D78E1FF3AF4}.Debug|x64.Build.0 = Debug|Any CPU
		{7C979904-D18F-4508-BA6D-5D78E1FF3AF4}.Debug|x86.ActiveCfg = Debug|Any CPU
		{7C979904-D18F-4508-BA6D-5D78E1FF3AF4}.Debug|x86.Build.0 = Debug|Any CPU
		{7C979904-D18F-4508-BA6D-5D78E1FF3AF4}.Release|Any CPU.ActiveCfg = Release|Any CPU
		{7C979904-D18F-4508-BA6D-5D78E1FF3AF4}.Release|Any CPU.Build.0 = Release|Any CPU
		{7C979904-D18F-4508-BA6D-5D78E1FF3AF4}.Release|x64.ActiveCfg = Release|Any CPU
		{7C979904-D18F-4508-BA6D-5D78E1FF3AF4}.Release|x64.Build.0 = Release|Any CPU
		{7C979904-D18F-4508-BA6D-5D78E1FF3AF4}.Release|x86.ActiveCfg = Release|Any CPU
		{7C979904-D18F-4508-BA6D-5D78E1FF3AF4}.Release|x86.Build.0 = Release|Any CPU
		{39105639-851B-4490-A3FB-FD14EAFBFC1B}.Debug|Any CPU.ActiveCfg = Debug|Any CPU
		{39105639-851B-4490-A3FB-FD14EAFBFC1B}.Debug|Any CPU.Build.0 = Debug|Any CPU
		{39105639-851B-4490-A3FB-FD14EAFBFC1B}.Debug|x64.ActiveCfg = Debug|Any CPU
		{39105639-851B-4490-A3FB-FD14EAFBFC1B}.Debug|x64.Build.0 = Debug|Any CPU
		{39105639-851B-4490-A3FB-FD14EAFBFC1B}.Debug|x86.ActiveCfg = Debug|Any CPU
		{39105639-851B-4490-A3FB-FD14EAFBFC1B}.Debug|x86.Build.0 = Debug|Any CPU
		{39105639-851B-4490-A3FB-FD14EAFBFC1B}.Release|Any CPU.ActiveCfg = Release|Any CPU
		{39105639-851B-4490-A3FB-FD14EAFBFC1B}.Release|Any CPU.Build.0 = Release|Any CPU
		{39105639-851B-4490-A3FB-FD14EAFBFC1B}.Release|x64.ActiveCfg = Release|Any CPU
		{39105639-851B-4490-A3FB-FD14EAFBFC1B}.Release|x64.Build.0 = Release|Any CPU
		{39105639-851B-4490-A3FB-FD14EAFBFC1B}.Release|x86.ActiveCfg = Release|Any CPU
		{39105639-851B-4490-A3FB-FD14EAFBFC1B}.Release|x86.Build.0 = Release|Any CPU
	EndGlobalSection
	GlobalSection(SolutionProperties) = preSolution
		HideSolutionNode = FALSE
	EndGlobalSection
EndGlobal
